
Microsoft Visual Studio Solution File, Format Version 12.00
# Visual Studio 15
VisualStudioVersion = 15.0.28307.1082
MinimumVisualStudioVersion = 10.0.40219.1
Project("{8BC9CEB8-8B4A-11D0-8D11-00A0C91BC942}") = "DataContainers", "DataContainers\DataContainers.vcxproj", "{AAE52869-DC8C-4A4B-B1CF-038E4D5F35D8}"
EndProject
Project("{8BC9CEB8-8B4A-11D0-8D11-00A0C91BC942}") = "ForwardList", "ForwardList\ForwardList.vcxproj", "{3FBF091E-5474-4D16-9128-20C5368E1117}"
EndProject
Global
	GlobalSection(SolutionConfigurationPlatforms) = preSolution
		Debug|x64 = Debug|x64
		Debug|x86 = Debug|x86
		Release|x64 = Release|x64
		Release|x86 = Release|x86
	EndGlobalSection
	GlobalSection(ProjectConfigurationPlatforms) = postSolution
		{AAE52869-DC8C-4A4B-B1CF-038E4D5F35D8}.Debug|x64.ActiveCfg = Debug|x64
		{AAE52869-DC8C-4A4B-B1CF-038E4D5F35D8}.Debug|x64.Build.0 = Debug|x64
		{AAE52869-DC8C-4A4B-B1CF-038E4D5F35D8}.Debug|x86.ActiveCfg = Debug|Win32
		{AAE52869-DC8C-4A4B-B1CF-038E4D5F35D8}.Debug|x86.Build.0 = Debug|Win32
		{AAE52869-DC8C-4A4B-B1CF-038E4D5F35D8}.Release|x64.ActiveCfg = Release|x64
		{AAE52869-DC8C-4A4B-B1CF-038E4D5F35D8}.Release|x64.Build.0 = Release|x64
		{AAE52869-DC8C-4A4B-B1CF-038E4D5F35D8}.Release|x86.ActiveCfg = Release|Win32
		{AAE52869-DC8C-4A4B-B1CF-038E4D5F35D8}.Release|x86.Build.0 = Release|Win32
		{3FBF091E-5474-4D16-9128-20C5368E1117}.Debug|x64.ActiveCfg = Debug|x64
		{3FBF091E-5474-4D16-9128-20C5368E1117}.Debug|x64.Build.0 = Debug|x64
		{3FBF091E-5474-4D16-9128-20C5368E1117}.Debug|x86.ActiveCfg = Debug|Win32
		{3FBF091E-5474-4D16-9128-20C5368E1117}.Debug|x86.Build.0 = Debug|Win32
		{3FBF091E-5474-4D16-9128-20C5368E1117}.Release|x64.ActiveCfg = Release|x64
		{3FBF091E-5474-4D16-9128-20C5368E1117}.Release|x64.Build.0 = Release|x64
		{3FBF091E-5474-4D16-9128-20C5368E1117}.Release|x86.ActiveCfg = Release|Win32
		{3FBF091E-5474-4D16-9128-20C5368E1117}.Release|x86.Build.0 = Release|Win32
	EndGlobalSection
	GlobalSection(SolutionProperties) = preSolution
		HideSolutionNode = FALSE
	EndGlobalSection
	GlobalSection(ExtensibilityGlobals) = postSolution
		SolutionGuid = {D47BF8EF-4DDD-4435-9C77-7C4C7CB1C7B9}
	EndGlobalSection
EndGlobal
