
Microsoft Visual Studio Solution File, Format Version 12.00
# Visual Studio 15
VisualStudioVersion = 15.0.28307.1082
MinimumVisualStudioVersion = 10.0.40219.1
Project("{8BC9CEB8-8B4A-11D0-8D11-00A0C91BC942}") = "IntroductionToOOP", "IntroductionToOOP\IntroductionToOOP.vcxproj", "{4F31A6E5-263C-46CF-8EED-29B17B46AEC7}"
EndProject
Project("{8BC9CEB8-8B4A-11D0-8D11-00A0C91BC942}") = "Integer", "Integer\Integer.vcxproj", "{5ACE360B-0993-4262-B28E-08BFC2CFF8B3}"
EndProject
Project("{8BC9CEB8-8B4A-11D0-8D11-00A0C91BC942}") = "Fraction", "Fraction\Fraction.vcxproj", "{1D64F2C4-B14C-42DF-BB0F-4E5DD5F2D6A1}"
EndProject
Project("{8BC9CEB8-8B4A-11D0-8D11-00A0C91BC942}") = "HomeWork", "HomeWork\HomeWork.vcxproj", "{FCFD069A-C9FD-422B-8BD7-9CA97CFAF918}"
EndProject
Project("{8BC9CEB8-8B4A-11D0-8D11-00A0C91BC942}") = "String", "String\String.vcxproj", "{F9C124BE-2AC4-471A-9B98-E8D824A1ED66}"
EndProject
Project("{8BC9CEB8-8B4A-11D0-8D11-00A0C91BC942}") = "StringHW", "StringHW\StringHW.vcxproj", "{ECC90ED7-6B9F-439F-B657-874755BF152A}"
EndProject
Global
	GlobalSection(SolutionConfigurationPlatforms) = preSolution
		Debug|x64 = Debug|x64
		Debug|x86 = Debug|x86
		Release|x64 = Release|x64
		Release|x86 = Release|x86
	EndGlobalSection
	GlobalSection(ProjectConfigurationPlatforms) = postSolution
		{4F31A6E5-263C-46CF-8EED-29B17B46AEC7}.Debug|x64.ActiveCfg = Debug|x64
		{4F31A6E5-263C-46CF-8EED-29B17B46AEC7}.Debug|x64.Build.0 = Debug|x64
		{4F31A6E5-263C-46CF-8EED-29B17B46AEC7}.Debug|x86.ActiveCfg = Debug|Win32
		{4F31A6E5-263C-46CF-8EED-29B17B46AEC7}.Debug|x86.Build.0 = Debug|Win32
		{4F31A6E5-263C-46CF-8EED-29B17B46AEC7}.Release|x64.ActiveCfg = Release|x64
		{4F31A6E5-263C-46CF-8EED-29B17B46AEC7}.Release|x64.Build.0 = Release|x64
		{4F31A6E5-263C-46CF-8EED-29B17B46AEC7}.Release|x86.ActiveCfg = Release|Win32
		{4F31A6E5-263C-46CF-8EED-29B17B46AEC7}.Release|x86.Build.0 = Release|Win32
		{5ACE360B-0993-4262-B28E-08BFC2CFF8B3}.Debug|x64.ActiveCfg = Debug|x64
		{5ACE360B-0993-4262-B28E-08BFC2CFF8B3}.Debug|x64.Build.0 = Debug|x64
		{5ACE360B-0993-4262-B28E-08BFC2CFF8B3}.Debug|x86.ActiveCfg = Debug|Win32
		{5ACE360B-0993-4262-B28E-08BFC2CFF8B3}.Debug|x86.Build.0 = Debug|Win32
		{5ACE360B-0993-4262-B28E-08BFC2CFF8B3}.Release|x64.ActiveCfg = Release|x64
		{5ACE360B-0993-4262-B28E-08BFC2CFF8B3}.Release|x64.Build.0 = Release|x64
		{5ACE360B-0993-4262-B28E-08BFC2CFF8B3}.Release|x86.ActiveCfg = Release|Win32
		{5ACE360B-0993-4262-B28E-08BFC2CFF8B3}.Release|x86.Build.0 = Release|Win32
		{1D64F2C4-B14C-42DF-BB0F-4E5DD5F2D6A1}.Debug|x64.ActiveCfg = Debug|x64
		{1D64F2C4-B14C-42DF-BB0F-4E5DD5F2D6A1}.Debug|x64.Build.0 = Debug|x64
		{1D64F2C4-B14C-42DF-BB0F-4E5DD5F2D6A1}.Debug|x86.ActiveCfg = Debug|Win32
		{1D64F2C4-B14C-42DF-BB0F-4E5DD5F2D6A1}.Debug|x86.Build.0 = Debug|Win32
		{1D64F2C4-B14C-42DF-BB0F-4E5DD5F2D6A1}.Release|x64.ActiveCfg = Release|x64
		{1D64F2C4-B14C-42DF-BB0F-4E5DD5F2D6A1}.Release|x64.Build.0 = Release|x64
		{1D64F2C4-B14C-42DF-BB0F-4E5DD5F2D6A1}.Release|x86.ActiveCfg = Release|Win32
		{1D64F2C4-B14C-42DF-BB0F-4E5DD5F2D6A1}.Release|x86.Build.0 = Release|Win32
		{FCFD069A-C9FD-422B-8BD7-9CA97CFAF918}.Debug|x64.ActiveCfg = Debug|x64
		{FCFD069A-C9FD-422B-8BD7-9CA97CFAF918}.Debug|x64.Build.0 = Debug|x64
		{FCFD069A-C9FD-422B-8BD7-9CA97CFAF918}.Debug|x86.ActiveCfg = Debug|Win32
		{FCFD069A-C9FD-422B-8BD7-9CA97CFAF918}.Debug|x86.Build.0 = Debug|Win32
		{FCFD069A-C9FD-422B-8BD7-9CA97CFAF918}.Release|x64.ActiveCfg = Release|x64
		{FCFD069A-C9FD-422B-8BD7-9CA97CFAF918}.Release|x64.Build.0 = Release|x64
		{FCFD069A-C9FD-422B-8BD7-9CA97CFAF918}.Release|x86.ActiveCfg = Release|Win32
		{FCFD069A-C9FD-422B-8BD7-9CA97CFAF918}.Release|x86.Build.0 = Release|Win32
		{F9C124BE-2AC4-471A-9B98-E8D824A1ED66}.Debug|x64.ActiveCfg = Debug|x64
		{F9C124BE-2AC4-471A-9B98-E8D824A1ED66}.Debug|x64.Build.0 = Debug|x64
		{F9C124BE-2AC4-471A-9B98-E8D824A1ED66}.Debug|x86.ActiveCfg = Debug|Win32
		{F9C124BE-2AC4-471A-9B98-E8D824A1ED66}.Debug|x86.Build.0 = Debug|Win32
		{F9C124BE-2AC4-471A-9B98-E8D824A1ED66}.Release|x64.ActiveCfg = Release|x64
		{F9C124BE-2AC4-471A-9B98-E8D824A1ED66}.Release|x64.Build.0 = Release|x64
		{F9C124BE-2AC4-471A-9B98-E8D824A1ED66}.Release|x86.ActiveCfg = Release|Win32
		{F9C124BE-2AC4-471A-9B98-E8D824A1ED66}.Release|x86.Build.0 = Release|Win32
		{ECC90ED7-6B9F-439F-B657-874755BF152A}.Debug|x64.ActiveCfg = Debug|x64
		{ECC90ED7-6B9F-439F-B657-874755BF152A}.Debug|x64.Build.0 = Debug|x64
		{ECC90ED7-6B9F-439F-B657-874755BF152A}.Debug|x86.ActiveCfg = Debug|Win32
		{ECC90ED7-6B9F-439F-B657-874755BF152A}.Debug|x86.Build.0 = Debug|Win32
		{ECC90ED7-6B9F-439F-B657-874755BF152A}.Release|x64.ActiveCfg = Release|x64
		{ECC90ED7-6B9F-439F-B657-874755BF152A}.Release|x64.Build.0 = Release|x64
		{ECC90ED7-6B9F-439F-B657-874755BF152A}.Release|x86.ActiveCfg = Release|Win32
		{ECC90ED7-6B9F-439F-B657-874755BF152A}.Release|x86.Build.0 = Release|Win32
	EndGlobalSection
	GlobalSection(SolutionProperties) = preSolution
		HideSolutionNode = FALSE
	EndGlobalSection
	GlobalSection(ExtensibilityGlobals) = postSolution
		SolutionGuid = {9B6A083E-5BC1-47B7-9BE4-D7F4B42A81E6}
	EndGlobalSection
EndGlobal
