
Microsoft Visual Studio Solution File, Format Version 12.00
# Visual Studio 15
VisualStudioVersion = 15.0.28307.1082
MinimumVisualStudioVersion = 10.0.40219.1
Project("{8BC9CEB8-8B4A-11D0-8D11-00A0C91BC942}") = "UML", "UML\UML.vcxproj", "{BFA93328-058B-4772-B120-F69FD9E4EE12}"
EndProject
Project("{8BC9CEB8-8B4A-11D0-8D11-00A0C91BC942}") = "Car", "Car\Car.vcxproj", "{E6FC3F2F-F8C3-464F-A3E9-56DC49DBA038}"
EndProject
Project("{8BC9CEB8-8B4A-11D0-8D11-00A0C91BC942}") = "Threads", "Threads\Threads.vcxproj", "{F2F347BA-B2C8-4E4F-B7DA-20854015088D}"
EndProject
Global
	GlobalSection(SolutionConfigurationPlatforms) = preSolution
		Debug|x64 = Debug|x64
		Debug|x86 = Debug|x86
		Release|x64 = Release|x64
		Release|x86 = Release|x86
	EndGlobalSection
	GlobalSection(ProjectConfigurationPlatforms) = postSolution
		{BFA93328-058B-4772-B120-F69FD9E4EE12}.Debug|x64.ActiveCfg = Debug|x64
		{BFA93328-058B-4772-B120-F69FD9E4EE12}.Debug|x64.Build.0 = Debug|x64
		{BFA93328-058B-4772-B120-F69FD9E4EE12}.Debug|x86.ActiveCfg = Debug|Win32
		{BFA93328-058B-4772-B120-F69FD9E4EE12}.Debug|x86.Build.0 = Debug|Win32
		{BFA93328-058B-4772-B120-F69FD9E4EE12}.Release|x64.ActiveCfg = Release|x64
		{BFA93328-058B-4772-B120-F69FD9E4EE12}.Release|x64.Build.0 = Release|x64
		{BFA93328-058B-4772-B120-F69FD9E4EE12}.Release|x86.ActiveCfg = Release|Win32
		{BFA93328-058B-4772-B120-F69FD9E4EE12}.Release|x86.Build.0 = Release|Win32
		{E6FC3F2F-F8C3-464F-A3E9-56DC49DBA038}.Debug|x64.ActiveCfg = Debug|x64
		{E6FC3F2F-F8C3-464F-A3E9-56DC49DBA038}.Debug|x64.Build.0 = Debug|x64
		{E6FC3F2F-F8C3-464F-A3E9-56DC49DBA038}.Debug|x86.ActiveCfg = Debug|Win32
		{E6FC3F2F-F8C3-464F-A3E9-56DC49DBA038}.Debug|x86.Build.0 = Debug|Win32
		{E6FC3F2F-F8C3-464F-A3E9-56DC49DBA038}.Release|x64.ActiveCfg = Release|x64
		{E6FC3F2F-F8C3-464F-A3E9-56DC49DBA038}.Release|x64.Build.0 = Release|x64
		{E6FC3F2F-F8C3-464F-A3E9-56DC49DBA038}.Release|x86.ActiveCfg = Release|Win32
		{E6FC3F2F-F8C3-464F-A3E9-56DC49DBA038}.Release|x86.Build.0 = Release|Win32
		{F2F347BA-B2C8-4E4F-B7DA-20854015088D}.Debug|x64.ActiveCfg = Debug|x64
		{F2F347BA-B2C8-4E4F-B7DA-20854015088D}.Debug|x64.Build.0 = Debug|x64
		{F2F347BA-B2C8-4E4F-B7DA-20854015088D}.Debug|x86.ActiveCfg = Debug|Win32
		{F2F347BA-B2C8-4E4F-B7DA-20854015088D}.Debug|x86.Build.0 = Debug|Win32
		{F2F347BA-B2C8-4E4F-B7DA-20854015088D}.Release|x64.ActiveCfg = Release|x64
		{F2F347BA-B2C8-4E4F-B7DA-20854015088D}.Release|x64.Build.0 = Release|x64
		{F2F347BA-B2C8-4E4F-B7DA-20854015088D}.Release|x86.ActiveCfg = Release|Win32
		{F2F347BA-B2C8-4E4F-B7DA-20854015088D}.Release|x86.Build.0 = Release|Win32
	EndGlobalSection
	GlobalSection(SolutionProperties) = preSolution
		HideSolutionNode = FALSE
	EndGlobalSection
	GlobalSection(ExtensibilityGlobals) = postSolution
		SolutionGuid = {FF63AC11-971B-4576-94AC-F29EA20E281A}
	EndGlobalSection
EndGlobal
